
Microsoft Visual Studio Solution File, Format Version 10.00
# Visual Studio 2008
Project("{8BC9CEB8-8B4A-11D0-8D11-00A0C91BC942}") = "GTAScriptHook", "GTAScriptHook\GTAScriptHook.vcproj", "{104F4394-5036-41F9-9C5F-E77E3A5CA03A}"
	ProjectSection(ProjectDependencies) = postProject
		{20D45210-346A-4C25-9F05-FA01450CE5F7} = {20D45210-346A-4C25-9F05-FA01450CE5F7}
	EndProjectSection
EndProject
Project("{FAE04EC0-301F-11D3-BF4B-00C04F79EFBC}") = "GenerateBuildID", "GenerateBuildID\GenerateBuildID.csproj", "{20D45210-346A-4C25-9F05-FA01450CE5F7}"
EndProject
Project("{FAE04EC0-301F-11D3-BF4B-00C04F79EFBC}") = "GTAScriptAPI", "GTAScriptAPI\GTAScriptAPI.csproj", "{17449BE1-D03A-4C5C-BDAA-F3295BC3738A}"
EndProject
Project("{FAE04EC0-301F-11D3-BF4B-00C04F79EFBC}") = "DBNetwork.Citizen.Game", "DBNetwork.Citizen.Game\DBNetwork.Citizen.Game.csproj", "{65ECB66A-3C7C-48EF-A5E1-20C72D2C91E7}"
EndProject
Global
	GlobalSection(SolutionConfigurationPlatforms) = preSolution
		Debug|Any CPU = Debug|Any CPU
		Debug|Mixed Platforms = Debug|Mixed Platforms
		Debug|Win32 = Debug|Win32
		Debug|x86 = Debug|x86
		Release|Any CPU = Release|Any CPU
		Release|Mixed Platforms = Release|Mixed Platforms
		Release|Win32 = Release|Win32
		Release|x86 = Release|x86
	EndGlobalSection
	GlobalSection(ProjectConfigurationPlatforms) = postSolution
		{104F4394-5036-41F9-9C5F-E77E3A5CA03A}.Debug|Any CPU.ActiveCfg = Debug|Win32
		{104F4394-5036-41F9-9C5F-E77E3A5CA03A}.Debug|Mixed Platforms.ActiveCfg = Debug|Win32
		{104F4394-5036-41F9-9C5F-E77E3A5CA03A}.Debug|Mixed Platforms.Build.0 = Debug|Win32
		{104F4394-5036-41F9-9C5F-E77E3A5CA03A}.Debug|Win32.ActiveCfg = Debug|Win32
		{104F4394-5036-41F9-9C5F-E77E3A5CA03A}.Debug|Win32.Build.0 = Debug|Win32
		{104F4394-5036-41F9-9C5F-E77E3A5CA03A}.Debug|x86.ActiveCfg = Debug|Win32
		{104F4394-5036-41F9-9C5F-E77E3A5CA03A}.Release|Any CPU.ActiveCfg = Release|Win32
		{104F4394-5036-41F9-9C5F-E77E3A5CA03A}.Release|Mixed Platforms.ActiveCfg = Release|Win32
		{104F4394-5036-41F9-9C5F-E77E3A5CA03A}.Release|Mixed Platforms.Build.0 = Release|Win32
		{104F4394-5036-41F9-9C5F-E77E3A5CA03A}.Release|Win32.ActiveCfg = Release|Win32
		{104F4394-5036-41F9-9C5F-E77E3A5CA03A}.Release|Win32.Build.0 = Release|Win32
		{104F4394-5036-41F9-9C5F-E77E3A5CA03A}.Release|x86.ActiveCfg = Release|Win32
		{20D45210-346A-4C25-9F05-FA01450CE5F7}.Debug|Any CPU.ActiveCfg = Debug|Any CPU
		{20D45210-346A-4C25-9F05-FA01450CE5F7}.Debug|Any CPU.Build.0 = Debug|Any CPU
		{20D45210-346A-4C25-9F05-FA01450CE5F7}.Debug|Mixed Platforms.ActiveCfg = Debug|Any CPU
		{20D45210-346A-4C25-9F05-FA01450CE5F7}.Debug|Mixed Platforms.Build.0 = Debug|Any CPU
		{20D45210-346A-4C25-9F05-FA01450CE5F7}.Debug|Win32.ActiveCfg = Debug|Any CPU
		{20D45210-346A-4C25-9F05-FA01450CE5F7}.Debug|x86.ActiveCfg = Debug|Any CPU
		{20D45210-346A-4C25-9F05-FA01450CE5F7}.Release|Any CPU.ActiveCfg = Release|Any CPU
		{20D45210-346A-4C25-9F05-FA01450CE5F7}.Release|Any CPU.Build.0 = Release|Any CPU
		{20D45210-346A-4C25-9F05-FA01450CE5F7}.Release|Mixed Platforms.ActiveCfg = Release|Any CPU
		{20D45210-346A-4C25-9F05-FA01450CE5F7}.Release|Mixed Platforms.Build.0 = Release|Any CPU
		{20D45210-346A-4C25-9F05-FA01450CE5F7}.Release|Win32.ActiveCfg = Release|Any CPU
		{20D45210-346A-4C25-9F05-FA01450CE5F7}.Release|x86.ActiveCfg = Release|Any CPU
		{17449BE1-D03A-4C5C-BDAA-F3295BC3738A}.Debug|Any CPU.ActiveCfg = Debug|Any CPU
		{17449BE1-D03A-4C5C-BDAA-F3295BC3738A}.Debug|Any CPU.Build.0 = Debug|Any CPU
		{17449BE1-D03A-4C5C-BDAA-F3295BC3738A}.Debug|Mixed Platforms.ActiveCfg = Debug|Any CPU
		{17449BE1-D03A-4C5C-BDAA-F3295BC3738A}.Debug|Mixed Platforms.Build.0 = Debug|Any CPU
		{17449BE1-D03A-4C5C-BDAA-F3295BC3738A}.Debug|Win32.ActiveCfg = Debug|Any CPU
		{17449BE1-D03A-4C5C-BDAA-F3295BC3738A}.Debug|x86.ActiveCfg = Debug|Any CPU
		{17449BE1-D03A-4C5C-BDAA-F3295BC3738A}.Release|Any CPU.ActiveCfg = Release|Any CPU
		{17449BE1-D03A-4C5C-BDAA-F3295BC3738A}.Release|Any CPU.Build.0 = Release|Any CPU
		{17449BE1-D03A-4C5C-BDAA-F3295BC3738A}.Release|Mixed Platforms.ActiveCfg = Release|Any CPU
		{17449BE1-D03A-4C5C-BDAA-F3295BC3738A}.Release|Mixed Platforms.Build.0 = Release|Any CPU
		{17449BE1-D03A-4C5C-BDAA-F3295BC3738A}.Release|Win32.ActiveCfg = Release|Any CPU
		{17449BE1-D03A-4C5C-BDAA-F3295BC3738A}.Release|x86.ActiveCfg = Release|Any CPU
		{65ECB66A-3C7C-48EF-A5E1-20C72D2C91E7}.Debug|Any CPU.ActiveCfg = Debug|Any CPU
		{65ECB66A-3C7C-48EF-A5E1-20C72D2C91E7}.Debug|Any CPU.Build.0 = Debug|Any CPU
		{65ECB66A-3C7C-48EF-A5E1-20C72D2C91E7}.Debug|Mixed Platforms.ActiveCfg = Debug|x86
		{65ECB66A-3C7C-48EF-A5E1-20C72D2C91E7}.Debug|Mixed Platforms.Build.0 = Debug|x86
		{65ECB66A-3C7C-48EF-A5E1-20C72D2C91E7}.Debug|Win32.ActiveCfg = Debug|x86
		{65ECB66A-3C7C-48EF-A5E1-20C72D2C91E7}.Debug|x86.ActiveCfg = Debug|x86
		{65ECB66A-3C7C-48EF-A5E1-20C72D2C91E7}.Debug|x86.Build.0 = Debug|x86
		{65ECB66A-3C7C-48EF-A5E1-20C72D2C91E7}.Release|Any CPU.ActiveCfg = Release|Any CPU
		{65ECB66A-3C7C-48EF-A5E1-20C72D2C91E7}.Release|Any CPU.Build.0 = Release|Any CPU
		{65ECB66A-3C7C-48EF-A5E1-20C72D2C91E7}.Release|Mixed Platforms.ActiveCfg = Release|x86
		{65ECB66A-3C7C-48EF-A5E1-20C72D2C91E7}.Release|Mixed Platforms.Build.0 = Release|x86
		{65ECB66A-3C7C-48EF-A5E1-20C72D2C91E7}.Release|Win32.ActiveCfg = Release|x86
		{65ECB66A-3C7C-48EF-A5E1-20C72D2C91E7}.Release|x86.ActiveCfg = Release|x86
		{65ECB66A-3C7C-48EF-A5E1-20C72D2C91E7}.Release|x86.Build.0 = Release|x86
	EndGlobalSection
	GlobalSection(SolutionProperties) = preSolution
		HideSolutionNode = FALSE
	EndGlobalSection
	GlobalSection(ExtensibilityGlobals) = postSolution
		VisualSVNWorkingCopyRoot = .
	EndGlobalSection
EndGlobal
